
Microsoft Visual Studio Solution File, Format Version 12.00
# Visual Studio 15
VisualStudioVersion = 15.0.27428.2027
MinimumVisualStudioVersion = 10.0.40219.1
Project("{FAE04EC0-301F-11D3-BF4B-00C04F79EFBC}") = "NorthwindWebAPI", "NorthwindWebAPI\NorthwindWebAPI.csproj", "{B398CD9C-B4E7-4B7D-BFDF-5FB27BE27E69}"
EndProject
Global
	GlobalSection(SolutionConfigurationPlatforms) = preSolution
		Debug|Any CPU = Debug|Any CPU
		Release|Any CPU = Release|Any CPU
	EndGlobalSection
	GlobalSection(ProjectConfigurationPlatforms) = postSolution
		{B398CD9C-B4E7-4B7D-BFDF-5FB27BE27E69}.Debug|Any CPU.ActiveCfg = Debug|Any CPU
		{B398CD9C-B4E7-4B7D-BFDF-5FB27BE27E69}.Debug|Any CPU.Build.0 = Debug|Any CPU
		{B398CD9C-B4E7-4B7D-BFDF-5FB27BE27E69}.Release|Any CPU.ActiveCfg = Release|Any CPU
		{B398CD9C-B4E7-4B7D-BFDF-5FB27BE27E69}.Release|Any CPU.Build.0 = Release|Any CPU
	EndGlobalSection
	GlobalSection(SolutionProperties) = preSolution
		HideSolutionNode = FALSE
	EndGlobalSection
	GlobalSection(ExtensibilityGlobals) = postSolution
		SolutionGuid = {33947794-2918-4C3F-9E8B-373C3F2C8EAB}
	EndGlobalSection
EndGlobal
